
Microsoft Visual Studio Solution File, Format Version 12.00
# Visual Studio Version 16
VisualStudioVersion = 16.0.32602.291
MinimumVisualStudioVersion = 10.0.40219.1
Project("{FAE04EC0-301F-11D3-BF4B-00C04F79EFBC}") = "Expense Tracker", "Expense Tracker\Expense Tracker.csproj", "{84444448-8919-4FDD-857E-2F0163F7EF0B}"
EndProject
Global
	GlobalSection(SolutionConfigurationPlatforms) = preSolution
		Debug|Any CPU = Debug|Any CPU
		Release|Any CPU = Release|Any CPU
	EndGlobalSection
	GlobalSection(ProjectConfigurationPlatforms) = postSolution
		{84444448-8919-4FDD-857E-2F0163F7EF0B}.Debug|Any CPU.ActiveCfg = Debug|Any CPU
		{84444448-8919-4FDD-857E-2F0163F7EF0B}.Debug|Any CPU.Build.0 = Debug|Any CPU
		{84444448-8919-4FDD-857E-2F0163F7EF0B}.Release|Any CPU.ActiveCfg = Release|Any CPU
		{84444448-8919-4FDD-857E-2F0163F7EF0B}.Release|Any CPU.Build.0 = Release|Any CPU
	EndGlobalSection
	GlobalSection(SolutionProperties) = preSolution
		HideSolutionNode = FALSE
	EndGlobalSection
	GlobalSection(ExtensibilityGlobals) = postSolution
		SolutionGuid = {4931DE22-A60D-4DA4-93B8-7D0FD191A84B}
	EndGlobalSection
EndGlobal
